{
  "requires": true,
  "lockfileVersion": 1,
  "dependencies": {
    "@types/jasmine": {
      "version": "2.8.2",
      "resolved": "https://registry.npmjs.org/@types/jasmine/-/jasmine-2.8.2.tgz",
      "integrity": "sha512-RabEJPjYMpjWqW1qYj4k0rlgP5uzyguoc0yxedJdq7t5h19MYvqhjCR1evM3raZ/peHRxp1Qfl24iawvkibSug=="
    },
    "@types/jquery": {
      "version": "2.0.47",
      "resolved": "https://registry.npmjs.org/@types/jquery/-/jquery-2.0.47.tgz",
      "integrity": "sha512-5bidBzyNZ5euxwRjN0UsGsnmCXb6yuNAQkJceJ00Qq7uVLAZ442gJ2I0h56wGfRpIcZyY2wPV103Zq9IMnkjkg=="
    }
  }
}
